// !$*UTF8*$!
{
	archiveVersion = 1;
	classes = {
	};
	objectVersion = 56;
	objects = {

/* Begin PBXBuildFile section */
		2E24BAF02BDC82EE0094A85F /* UIFont+Extension.swift in Sources */ = {isa = PBXBuildFile; fileRef = 2E24BAEF2BDC82EE0094A85F /* UIFont+Extension.swift */; };
		2E24BAF22BDC879F0094A85F /* UIButton+Extension.swift in Sources */ = {isa = PBXBuildFile; fileRef = 2E24BAF12BDC879F0094A85F /* UIButton+Extension.swift */; };
		2E4349122BDE0E5E0074FE82 /* Pretendard-Thin.ttf in Resources */ = {isa = PBXBuildFile; fileRef = 2E4349092BDE0E5D0074FE82 /* Pretendard-Thin.ttf */; };
		2E4349132BDE0E5E0074FE82 /* Pretendard-SemiBold.ttf in Resources */ = {isa = PBXBuildFile; fileRef = 2E43490A2BDE0E5D0074FE82 /* Pretendard-SemiBold.ttf */; };
		2E4349142BDE0E5E0074FE82 /* Pretendard-ExtraLight.ttf in Resources */ = {isa = PBXBuildFile; fileRef = 2E43490B2BDE0E5D0074FE82 /* Pretendard-ExtraLight.ttf */; };
		2E4349152BDE0E5E0074FE82 /* Pretendard-Bold.ttf in Resources */ = {isa = PBXBuildFile; fileRef = 2E43490C2BDE0E5D0074FE82 /* Pretendard-Bold.ttf */; };
		2E4349162BDE0E5E0074FE82 /* Pretendard-ExtraBold.ttf in Resources */ = {isa = PBXBuildFile; fileRef = 2E43490D2BDE0E5D0074FE82 /* Pretendard-ExtraBold.ttf */; };
		2E4349172BDE0E5E0074FE82 /* Pretendard-Light.ttf in Resources */ = {isa = PBXBuildFile; fileRef = 2E43490E2BDE0E5E0074FE82 /* Pretendard-Light.ttf */; };
		2E4349192BDE0E5E0074FE82 /* Pretendard-Regular.ttf in Resources */ = {isa = PBXBuildFile; fileRef = 2E4349102BDE0E5E0074FE82 /* Pretendard-Regular.ttf */; };
		2E43491A2BDE0E5E0074FE82 /* Pretendard-Medium.ttf in Resources */ = {isa = PBXBuildFile; fileRef = 2E4349112BDE0E5E0074FE82 /* Pretendard-Medium.ttf */; };
		2E43491D2BDE12BB0074FE82 /* Pretendard-Black.ttf in Resources */ = {isa = PBXBuildFile; fileRef = 2E43490F2BDE0E5E0074FE82 /* Pretendard-Black.ttf */; };
		2E43491F2BDE16080074FE82 /* UILabel+Extension.swift in Sources */ = {isa = PBXBuildFile; fileRef = 2E43491E2BDE16080074FE82 /* UILabel+Extension.swift */; };
		2E4349212BDE1AC60074FE82 /* UITextField+Extension.swift in Sources */ = {isa = PBXBuildFile; fileRef = 2E4349202BDE1AC60074FE82 /* UITextField+Extension.swift */; };
		2E6189662BDF67C800CDC433 /* UIView+Extension.swift in Sources */ = {isa = PBXBuildFile; fileRef = 2E6189652BDF67C800CDC433 /* UIView+Extension.swift */; };
		2E6189682BDF831200CDC433 /* HomeViewController.swift in Sources */ = {isa = PBXBuildFile; fileRef = 2E6189672BDF831200CDC433 /* HomeViewController.swift */; };
		2E61896D2BDF89CA00CDC433 /* TopTabbarCollectionViewCell.swift in Sources */ = {isa = PBXBuildFile; fileRef = 2E61896C2BDF89CA00CDC433 /* TopTabbarCollectionViewCell.swift */; };
		2E979FEC2BD2326200B451F8 /* AppDelegate.swift in Sources */ = {isa = PBXBuildFile; fileRef = 2E979FEB2BD2326200B451F8 /* AppDelegate.swift */; };
		2E979FEE2BD2326200B451F8 /* SceneDelegate.swift in Sources */ = {isa = PBXBuildFile; fileRef = 2E979FED2BD2326200B451F8 /* SceneDelegate.swift */; };
		2E979FF02BD2326200B451F8 /* WelcomeViewController.swift in Sources */ = {isa = PBXBuildFile; fileRef = 2E979FEF2BD2326200B451F8 /* WelcomeViewController.swift */; };
		2E979FF52BD2326300B451F8 /* Assets.xcassets in Resources */ = {isa = PBXBuildFile; fileRef = 2E979FF42BD2326300B451F8 /* Assets.xcassets */; };
		2E979FF82BD2326300B451F8 /* Base in Resources */ = {isa = PBXBuildFile; fileRef = 2E979FF72BD2326300B451F8 /* Base */; };
		2E97A02B2BD236AD00B451F8 /* SnapKit in Frameworks */ = {isa = PBXBuildFile; productRef = 2E97A02A2BD236AD00B451F8 /* SnapKit */; };
		2E97A02D2BD236AD00B451F8 /* SnapKit-Dynamic in Frameworks */ = {isa = PBXBuildFile; productRef = 2E97A02C2BD236AD00B451F8 /* SnapKit-Dynamic */; };
		2E97A02F2BD243C000B451F8 /* LoginViewController.swift in Sources */ = {isa = PBXBuildFile; fileRef = 2E97A02E2BD243C000B451F8 /* LoginViewController.swift */; };
		2EDFD4AE2BDF4B0F001EE18D /* Then in Frameworks */ = {isa = PBXBuildFile; productRef = 2EDFD4AD2BDF4B0F001EE18D /* Then */; };
/* End PBXBuildFile section */

/* Begin PBXFileReference section */
		2E24BAEF2BDC82EE0094A85F /* UIFont+Extension.swift */ = {isa = PBXFileReference; lastKnownFileType = sourcecode.swift; path = "UIFont+Extension.swift"; sourceTree = "<group>"; };
		2E24BAF12BDC879F0094A85F /* UIButton+Extension.swift */ = {isa = PBXFileReference; lastKnownFileType = sourcecode.swift; path = "UIButton+Extension.swift"; sourceTree = "<group>"; };
		2E4349092BDE0E5D0074FE82 /* Pretendard-Thin.ttf */ = {isa = PBXFileReference; lastKnownFileType = file; path = "Pretendard-Thin.ttf"; sourceTree = "<group>"; };
		2E43490A2BDE0E5D0074FE82 /* Pretendard-SemiBold.ttf */ = {isa = PBXFileReference; lastKnownFileType = file; path = "Pretendard-SemiBold.ttf"; sourceTree = "<group>"; };
		2E43490B2BDE0E5D0074FE82 /* Pretendard-ExtraLight.ttf */ = {isa = PBXFileReference; lastKnownFileType = file; path = "Pretendard-ExtraLight.ttf"; sourceTree = "<group>"; };
		2E43490C2BDE0E5D0074FE82 /* Pretendard-Bold.ttf */ = {isa = PBXFileReference; lastKnownFileType = file; path = "Pretendard-Bold.ttf"; sourceTree = "<group>"; };
		2E43490D2BDE0E5D0074FE82 /* Pretendard-ExtraBold.ttf */ = {isa = PBXFileReference; lastKnownFileType = file; path = "Pretendard-ExtraBold.ttf"; sourceTree = "<group>"; };
		2E43490E2BDE0E5E0074FE82 /* Pretendard-Light.ttf */ = {isa = PBXFileReference; lastKnownFileType = file; path = "Pretendard-Light.ttf"; sourceTree = "<group>"; };
		2E43490F2BDE0E5E0074FE82 /* Pretendard-Black.ttf */ = {isa = PBXFileReference; lastKnownFileType = file; path = "Pretendard-Black.ttf"; sourceTree = "<group>"; };
		2E4349102BDE0E5E0074FE82 /* Pretendard-Regular.ttf */ = {isa = PBXFileReference; lastKnownFileType = file; path = "Pretendard-Regular.ttf"; sourceTree = "<group>"; };
		2E4349112BDE0E5E0074FE82 /* Pretendard-Medium.ttf */ = {isa = PBXFileReference; lastKnownFileType = file; path = "Pretendard-Medium.ttf"; sourceTree = "<group>"; };
		2E43491E2BDE16080074FE82 /* UILabel+Extension.swift */ = {isa = PBXFileReference; lastKnownFileType = sourcecode.swift; path = "UILabel+Extension.swift"; sourceTree = "<group>"; };
		2E4349202BDE1AC60074FE82 /* UITextField+Extension.swift */ = {isa = PBXFileReference; lastKnownFileType = sourcecode.swift; path = "UITextField+Extension.swift"; sourceTree = "<group>"; };
		2E6189652BDF67C800CDC433 /* UIView+Extension.swift */ = {isa = PBXFileReference; lastKnownFileType = sourcecode.swift; path = "UIView+Extension.swift"; sourceTree = "<group>"; };
		2E6189672BDF831200CDC433 /* HomeViewController.swift */ = {isa = PBXFileReference; lastKnownFileType = sourcecode.swift; path = HomeViewController.swift; sourceTree = "<group>"; };
		2E61896C2BDF89CA00CDC433 /* TopTabbarCollectionViewCell.swift */ = {isa = PBXFileReference; lastKnownFileType = sourcecode.swift; path = TopTabbarCollectionViewCell.swift; sourceTree = "<group>"; };
		2E979FE82BD2326200B451F8 /* 34th-Sopt-Assignment.app */ = {isa = PBXFileReference; explicitFileType = wrapper.application; includeInIndex = 0; path = "34th-Sopt-Assignment.app"; sourceTree = BUILT_PRODUCTS_DIR; };
		2E979FEB2BD2326200B451F8 /* AppDelegate.swift */ = {isa = PBXFileReference; lastKnownFileType = sourcecode.swift; path = AppDelegate.swift; sourceTree = "<group>"; };
		2E979FED2BD2326200B451F8 /* SceneDelegate.swift */ = {isa = PBXFileReference; lastKnownFileType = sourcecode.swift; path = SceneDelegate.swift; sourceTree = "<group>"; };
		2E979FEF2BD2326200B451F8 /* WelcomeViewController.swift */ = {isa = PBXFileReference; lastKnownFileType = sourcecode.swift; path = WelcomeViewController.swift; sourceTree = "<group>"; };
		2E979FF42BD2326300B451F8 /* Assets.xcassets */ = {isa = PBXFileReference; lastKnownFileType = folder.assetcatalog; path = Assets.xcassets; sourceTree = "<group>"; };
		2E979FF72BD2326300B451F8 /* Base */ = {isa = PBXFileReference; lastKnownFileType = file.storyboard; name = Base; path = Base.lproj/LaunchScreen.storyboard; sourceTree = "<group>"; };
		2E979FF92BD2326300B451F8 /* Info.plist */ = {isa = PBXFileReference; lastKnownFileType = text.plist.xml; path = Info.plist; sourceTree = "<group>"; };
		2E97A02E2BD243C000B451F8 /* LoginViewController.swift */ = {isa = PBXFileReference; lastKnownFileType = sourcecode.swift; path = LoginViewController.swift; sourceTree = "<group>"; };
/* End PBXFileReference section */

/* Begin PBXFrameworksBuildPhase section */
		2E979FE52BD2326200B451F8 /* Frameworks */ = {
			isa = PBXFrameworksBuildPhase;
			buildActionMask = 2147483647;
			files = (
				2E97A02B2BD236AD00B451F8 /* SnapKit in Frameworks */,
				2EDFD4AE2BDF4B0F001EE18D /* Then in Frameworks */,
				2E97A02D2BD236AD00B451F8 /* SnapKit-Dynamic in Frameworks */,
			);
			runOnlyForDeploymentPostprocessing = 0;
		};
/* End PBXFrameworksBuildPhase section */

/* Begin PBXGroup section */
		2E6189692BDF839100CDC433 /* Common */ = {
			isa = PBXGroup;
			children = (
				2E979FFF2BD2341600B451F8 /* Extensions */,
			);
			path = Common;
			sourceTree = "<group>";
		};
		2E6628F12BE0E3F900CE420F /* Home */ = {
			isa = PBXGroup;
			children = (
				2E6628F62BE0E45800CE420F /* Controllers */,
				2E6628F52BE0E43C00CE420F /* Views */,
				2E6628F42BE0E43700CE420F /* Models */,
				2E6628F32BE0E42600CE420F /* Cells */,
			);
			path = Home;
			sourceTree = "<group>";
		};
		2E6628F22BE0E3FE00CE420F /* Login */ = {
			isa = PBXGroup;
			children = (
				2E979FEF2BD2326200B451F8 /* WelcomeViewController.swift */,
				2E97A02E2BD243C000B451F8 /* LoginViewController.swift */,
			);
			path = Login;
			sourceTree = "<group>";
		};
		2E6628F32BE0E42600CE420F /* Cells */ = {
			isa = PBXGroup;
			children = (
				2E61896C2BDF89CA00CDC433 /* TopTabbarCollectionViewCell.swift */,
			);
			path = Cells;
			sourceTree = "<group>";
		};
		2E6628F42BE0E43700CE420F /* Models */ = {
			isa = PBXGroup;
			children = (
			);
			path = Models;
			sourceTree = "<group>";
		};
		2E6628F52BE0E43C00CE420F /* Views */ = {
			isa = PBXGroup;
			children = (
			);
			path = Views;
			sourceTree = "<group>";
		};
		2E6628F62BE0E45800CE420F /* Controllers */ = {
			isa = PBXGroup;
			children = (
				2E6189672BDF831200CDC433 /* HomeViewController.swift */,
			);
			path = Controllers;
			sourceTree = "<group>";
		};
		2E979FDF2BD2326200B451F8 = {
			isa = PBXGroup;
			children = (
				2E979FEA2BD2326200B451F8 /* 34th-Sopt-Assignment */,
				2E979FE92BD2326200B451F8 /* Products */,
			);
			sourceTree = "<group>";
		};
		2E979FE92BD2326200B451F8 /* Products */ = {
			isa = PBXGroup;
			children = (
				2E979FE82BD2326200B451F8 /* 34th-Sopt-Assignment.app */,
			);
			name = Products;
			sourceTree = "<group>";
		};
		2E979FEA2BD2326200B451F8 /* 34th-Sopt-Assignment */ = {
			isa = PBXGroup;
			children = (
				2E6189692BDF839100CDC433 /* Common */,
				2E97A0022BD2348400B451F8 /* Application */,
				2E97A0012BD2342800B451F8 /* Resources */,
				2E97A0002BD2341F00B451F8 /* Presentation */,
			);
			path = "34th-Sopt-Assignment";
			sourceTree = "<group>";
		};
		2E979FFF2BD2341600B451F8 /* Extensions */ = {
			isa = PBXGroup;
			children = (
				2E24BAF12BDC879F0094A85F /* UIButton+Extension.swift */,
				2E24BAEF2BDC82EE0094A85F /* UIFont+Extension.swift */,
				2E43491E2BDE16080074FE82 /* UILabel+Extension.swift */,
				2E4349202BDE1AC60074FE82 /* UITextField+Extension.swift */,
				2E6189652BDF67C800CDC433 /* UIView+Extension.swift */,
			);
			path = Extensions;
			sourceTree = "<group>";
		};
		2E97A0002BD2341F00B451F8 /* Presentation */ = {
			isa = PBXGroup;
			children = (
				2E6628F22BE0E3FE00CE420F /* Login */,
				2E6628F12BE0E3F900CE420F /* Home */,
			);
			path = Presentation;
			sourceTree = "<group>";
		};
		2E97A0012BD2342800B451F8 /* Resources */ = {
			isa = PBXGroup;
			children = (
				2E979FF92BD2326300B451F8 /* Info.plist */,
				2E97A0162BD235B400B451F8 /* Font */,
				2E979FF42BD2326300B451F8 /* Assets.xcassets */,
				2E979FF62BD2326300B451F8 /* LaunchScreen.storyboard */,
			);
			path = Resources;
			sourceTree = "<group>";
		};
		2E97A0022BD2348400B451F8 /* Application */ = {
			isa = PBXGroup;
			children = (
				2E979FEB2BD2326200B451F8 /* AppDelegate.swift */,
				2E979FED2BD2326200B451F8 /* SceneDelegate.swift */,
			);
			path = Application;
			sourceTree = "<group>";
		};
		2E97A0162BD235B400B451F8 /* Font */ = {
			isa = PBXGroup;
			children = (
				2E43490F2BDE0E5E0074FE82 /* Pretendard-Black.ttf */,
				2E43490C2BDE0E5D0074FE82 /* Pretendard-Bold.ttf */,
				2E43490D2BDE0E5D0074FE82 /* Pretendard-ExtraBold.ttf */,
				2E43490B2BDE0E5D0074FE82 /* Pretendard-ExtraLight.ttf */,
				2E43490E2BDE0E5E0074FE82 /* Pretendard-Light.ttf */,
				2E4349112BDE0E5E0074FE82 /* Pretendard-Medium.ttf */,
				2E4349102BDE0E5E0074FE82 /* Pretendard-Regular.ttf */,
				2E43490A2BDE0E5D0074FE82 /* Pretendard-SemiBold.ttf */,
				2E4349092BDE0E5D0074FE82 /* Pretendard-Thin.ttf */,
			);
			path = Font;
			sourceTree = "<group>";
		};
/* End PBXGroup section */

/* Begin PBXNativeTarget section */
		2E979FE72BD2326200B451F8 /* 34th-Sopt-Assignment */ = {
			isa = PBXNativeTarget;
			buildConfigurationList = 2E979FFC2BD2326300B451F8 /* Build configuration list for PBXNativeTarget "34th-Sopt-Assignment" */;
			buildPhases = (
				2E979FE42BD2326200B451F8 /* Sources */,
				2E979FE52BD2326200B451F8 /* Frameworks */,
				2E979FE62BD2326200B451F8 /* Resources */,
			);
			buildRules = (
			);
			dependencies = (
			);
			name = "34th-Sopt-Assignment";
			packageProductDependencies = (
				2E97A02A2BD236AD00B451F8 /* SnapKit */,
				2E97A02C2BD236AD00B451F8 /* SnapKit-Dynamic */,
				2EDFD4AD2BDF4B0F001EE18D /* Then */,
			);
			productName = "34th-Sopt-Assignment";
			productReference = 2E979FE82BD2326200B451F8 /* 34th-Sopt-Assignment.app */;
			productType = "com.apple.product-type.application";
		};
/* End PBXNativeTarget section */

/* Begin PBXProject section */
		2E979FE02BD2326200B451F8 /* Project object */ = {
			isa = PBXProject;
			attributes = {
				BuildIndependentTargetsInParallel = 1;
				LastSwiftUpdateCheck = 1530;
				LastUpgradeCheck = 1530;
				TargetAttributes = {
					2E979FE72BD2326200B451F8 = {
						CreatedOnToolsVersion = 15.3;
					};
				};
			};
			buildConfigurationList = 2E979FE32BD2326200B451F8 /* Build configuration list for PBXProject "34th-Sopt-Assignment" */;
			compatibilityVersion = "Xcode 14.0";
			developmentRegion = en;
			hasScannedForEncodings = 0;
			knownRegions = (
				en,
				Base,
			);
			mainGroup = 2E979FDF2BD2326200B451F8;
			packageReferences = (
				2E97A0292BD236AD00B451F8 /* XCRemoteSwiftPackageReference "SnapKit" */,
				2EDFD4AC2BDF4B0F001EE18D /* XCRemoteSwiftPackageReference "Then" */,
			);
			productRefGroup = 2E979FE92BD2326200B451F8 /* Products */;
			projectDirPath = "";
			projectRoot = "";
			targets = (
				2E979FE72BD2326200B451F8 /* 34th-Sopt-Assignment */,
			);
		};
/* End PBXProject section */

/* Begin PBXResourcesBuildPhase section */
		2E979FE62BD2326200B451F8 /* Resources */ = {
			isa = PBXResourcesBuildPhase;
			buildActionMask = 2147483647;
			files = (
				2E4349162BDE0E5E0074FE82 /* Pretendard-ExtraBold.ttf in Resources */,
				2E43491D2BDE12BB0074FE82 /* Pretendard-Black.ttf in Resources */,
				2E4349132BDE0E5E0074FE82 /* Pretendard-SemiBold.ttf in Resources */,
				2E4349192BDE0E5E0074FE82 /* Pretendard-Regular.ttf in Resources */,
				2E4349122BDE0E5E0074FE82 /* Pretendard-Thin.ttf in Resources */,
				2E4349142BDE0E5E0074FE82 /* Pretendard-ExtraLight.ttf in Resources */,
				2E979FF52BD2326300B451F8 /* Assets.xcassets in Resources */,
				2E4349152BDE0E5E0074FE82 /* Pretendard-Bold.ttf in Resources */,
				2E4349172BDE0E5E0074FE82 /* Pretendard-Light.ttf in Resources */,
				2E43491A2BDE0E5E0074FE82 /* Pretendard-Medium.ttf in Resources */,
				2E979FF82BD2326300B451F8 /* Base in Resources */,
			);
			runOnlyForDeploymentPostprocessing = 0;
		};
/* End PBXResourcesBuildPhase section */

/* Begin PBXSourcesBuildPhase section */
		2E979FE42BD2326200B451F8 /* Sources */ = {
			isa = PBXSourcesBuildPhase;
			buildActionMask = 2147483647;
			files = (
				2E24BAF02BDC82EE0094A85F /* UIFont+Extension.swift in Sources */,
				2E61896D2BDF89CA00CDC433 /* TopTabbarCollectionViewCell.swift in Sources */,
				2E97A02F2BD243C000B451F8 /* LoginViewController.swift in Sources */,
				2E979FF02BD2326200B451F8 /* WelcomeViewController.swift in Sources */,
				2E6189662BDF67C800CDC433 /* UIView+Extension.swift in Sources */,
				2E43491F2BDE16080074FE82 /* UILabel+Extension.swift in Sources */,
				2E6189682BDF831200CDC433 /* HomeViewController.swift in Sources */,
				2E4349212BDE1AC60074FE82 /* UITextField+Extension.swift in Sources */,
				2E24BAF22BDC879F0094A85F /* UIButton+Extension.swift in Sources */,
				2E979FEC2BD2326200B451F8 /* AppDelegate.swift in Sources */,
				2E979FEE2BD2326200B451F8 /* SceneDelegate.swift in Sources */,
			);
			runOnlyForDeploymentPostprocessing = 0;
		};
/* End PBXSourcesBuildPhase section */

/* Begin PBXVariantGroup section */
		2E979FF62BD2326300B451F8 /* LaunchScreen.storyboard */ = {
			isa = PBXVariantGroup;
			children = (
				2E979FF72BD2326300B451F8 /* Base */,
			);
			name = LaunchScreen.storyboard;
			sourceTree = "<group>";
		};
/* End PBXVariantGroup section */

/* Begin XCBuildConfiguration section */
		2E979FFA2BD2326300B451F8 /* Debug */ = {
			isa = XCBuildConfiguration;
			buildSettings = {
				ALWAYS_SEARCH_USER_PATHS = NO;
				ASSETCATALOG_COMPILER_GENERATE_SWIFT_ASSET_SYMBOL_EXTENSIONS = YES;
				CLANG_ANALYZER_NONNULL = YES;
				CLANG_ANALYZER_NUMBER_OBJECT_CONVERSION = YES_AGGRESSIVE;
				CLANG_CXX_LANGUAGE_STANDARD = "gnu++20";
				CLANG_ENABLE_MODULES = YES;
				CLANG_ENABLE_OBJC_ARC = YES;
				CLANG_ENABLE_OBJC_WEAK = YES;
				CLANG_WARN_BLOCK_CAPTURE_AUTORELEASING = YES;
				CLANG_WARN_BOOL_CONVERSION = YES;
				CLANG_WARN_COMMA = YES;
				CLANG_WARN_CONSTANT_CONVERSION = YES;
				CLANG_WARN_DEPRECATED_OBJC_IMPLEMENTATIONS = YES;
				CLANG_WARN_DIRECT_OBJC_ISA_USAGE = YES_ERROR;
				CLANG_WARN_DOCUMENTATION_COMMENTS = YES;
				CLANG_WARN_EMPTY_BODY = YES;
				CLANG_WARN_ENUM_CONVERSION = YES;
				CLANG_WARN_INFINITE_RECURSION = YES;
				CLANG_WARN_INT_CONVERSION = YES;
				CLANG_WARN_NON_LITERAL_NULL_CONVERSION = YES;
				CLANG_WARN_OBJC_IMPLICIT_RETAIN_SELF = YES;
				CLANG_WARN_OBJC_LITERAL_CONVERSION = YES;
				CLANG_WARN_OBJC_ROOT_CLASS = YES_ERROR;
				CLANG_WARN_QUOTED_INCLUDE_IN_FRAMEWORK_HEADER = YES;
				CLANG_WARN_RANGE_LOOP_ANALYSIS = YES;
				CLANG_WARN_STRICT_PROTOTYPES = YES;
				CLANG_WARN_SUSPICIOUS_MOVE = YES;
				CLANG_WARN_UNGUARDED_AVAILABILITY = YES_AGGRESSIVE;
				CLANG_WARN_UNREACHABLE_CODE = YES;
				CLANG_WARN__DUPLICATE_METHOD_MATCH = YES;
				COPY_PHASE_STRIP = NO;
				DEBUG_INFORMATION_FORMAT = dwarf;
				ENABLE_STRICT_OBJC_MSGSEND = YES;
				ENABLE_TESTABILITY = YES;
				ENABLE_USER_SCRIPT_SANDBOXING = YES;
				GCC_C_LANGUAGE_STANDARD = gnu17;
				GCC_DYNAMIC_NO_PIC = NO;
				GCC_NO_COMMON_BLOCKS = YES;
				GCC_OPTIMIZATION_LEVEL = 0;
				GCC_PREPROCESSOR_DEFINITIONS = (
					"DEBUG=1",
					"$(inherited)",
				);
				GCC_WARN_64_TO_32_BIT_CONVERSION = YES;
				GCC_WARN_ABOUT_RETURN_TYPE = YES_ERROR;
				GCC_WARN_UNDECLARED_SELECTOR = YES;
				GCC_WARN_UNINITIALIZED_AUTOS = YES_AGGRESSIVE;
				GCC_WARN_UNUSED_FUNCTION = YES;
				GCC_WARN_UNUSED_VARIABLE = YES;
				IPHONEOS_DEPLOYMENT_TARGET = 17.4;
				LOCALIZATION_PREFERS_STRING_CATALOGS = YES;
				MTL_ENABLE_DEBUG_INFO = INCLUDE_SOURCE;
				MTL_FAST_MATH = YES;
				ONLY_ACTIVE_ARCH = YES;
				SDKROOT = iphoneos;
				SWIFT_ACTIVE_COMPILATION_CONDITIONS = "DEBUG $(inherited)";
				SWIFT_OPTIMIZATION_LEVEL = "-Onone";
			};
			name = Debug;
		};
		2E979FFB2BD2326300B451F8 /* Release */ = {
			isa = XCBuildConfiguration;
			buildSettings = {
				ALWAYS_SEARCH_USER_PATHS = NO;
				ASSETCATALOG_COMPILER_GENERATE_SWIFT_ASSET_SYMBOL_EXTENSIONS = YES;
				CLANG_ANALYZER_NONNULL = YES;
				CLANG_ANALYZER_NUMBER_OBJECT_CONVERSION = YES_AGGRESSIVE;
				CLANG_CXX_LANGUAGE_STANDARD = "gnu++20";
				CLANG_ENABLE_MODULES = YES;
				CLANG_ENABLE_OBJC_ARC = YES;
				CLANG_ENABLE_OBJC_WEAK = YES;
				CLANG_WARN_BLOCK_CAPTURE_AUTORELEASING = YES;
				CLANG_WARN_BOOL_CONVERSION = YES;
				CLANG_WARN_COMMA = YES;
				CLANG_WARN_CONSTANT_CONVERSION = YES;
				CLANG_WARN_DEPRECATED_OBJC_IMPLEMENTATIONS = YES;
				CLANG_WARN_DIRECT_OBJC_ISA_USAGE = YES_ERROR;
				CLANG_WARN_DOCUMENTATION_COMMENTS = YES;
				CLANG_WARN_EMPTY_BODY = YES;
				CLANG_WARN_ENUM_CONVERSION = YES;
				CLANG_WARN_INFINITE_RECURSION = YES;
				CLANG_WARN_INT_CONVERSION = YES;
				CLANG_WARN_NON_LITERAL_NULL_CONVERSION = YES;
				CLANG_WARN_OBJC_IMPLICIT_RETAIN_SELF = YES;
				CLANG_WARN_OBJC_LITERAL_CONVERSION = YES;
				CLANG_WARN_OBJC_ROOT_CLASS = YES_ERROR;
				CLANG_WARN_QUOTED_INCLUDE_IN_FRAMEWORK_HEADER = YES;
				CLANG_WARN_RANGE_LOOP_ANALYSIS = YES;
				CLANG_WARN_STRICT_PROTOTYPES = YES;
				CLANG_WARN_SUSPICIOUS_MOVE = YES;
				CLANG_WARN_UNGUARDED_AVAILABILITY = YES_AGGRESSIVE;
				CLANG_WARN_UNREACHABLE_CODE = YES;
				CLANG_WARN__DUPLICATE_METHOD_MATCH = YES;
				COPY_PHASE_STRIP = NO;
				DEBUG_INFORMATION_FORMAT = "dwarf-with-dsym";
				ENABLE_NS_ASSERTIONS = NO;
				ENABLE_STRICT_OBJC_MSGSEND = YES;
				ENABLE_USER_SCRIPT_SANDBOXING = YES;
				GCC_C_LANGUAGE_STANDARD = gnu17;
				GCC_NO_COMMON_BLOCKS = YES;
				GCC_WARN_64_TO_32_BIT_CONVERSION = YES;
				GCC_WARN_ABOUT_RETURN_TYPE = YES_ERROR;
				GCC_WARN_UNDECLARED_SELECTOR = YES;
				GCC_WARN_UNINITIALIZED_AUTOS = YES_AGGRESSIVE;
				GCC_WARN_UNUSED_FUNCTION = YES;
				GCC_WARN_UNUSED_VARIABLE = YES;
				IPHONEOS_DEPLOYMENT_TARGET = 17.4;
				LOCALIZATION_PREFERS_STRING_CATALOGS = YES;
				MTL_ENABLE_DEBUG_INFO = NO;
				MTL_FAST_MATH = YES;
				SDKROOT = iphoneos;
				SWIFT_COMPILATION_MODE = wholemodule;
				VALIDATE_PRODUCT = YES;
			};
			name = Release;
		};
		2E979FFD2BD2326300B451F8 /* Debug */ = {
			isa = XCBuildConfiguration;
			buildSettings = {
				ASSETCATALOG_COMPILER_APPICON_NAME = AppIcon;
				ASSETCATALOG_COMPILER_GLOBAL_ACCENT_COLOR_NAME = AccentColor;
				CODE_SIGN_STYLE = Automatic;
				CURRENT_PROJECT_VERSION = 1;
				GENERATE_INFOPLIST_FILE = YES;
				INFOPLIST_FILE = "34th-Sopt-Assignment/Resources/Info.plist";
				INFOPLIST_KEY_UIApplicationSupportsIndirectInputEvents = YES;
				INFOPLIST_KEY_UILaunchStoryboardName = LaunchScreen;
				INFOPLIST_KEY_UISupportedInterfaceOrientations_iPad = "UIInterfaceOrientationPortrait UIInterfaceOrientationPortraitUpsideDown UIInterfaceOrientationLandscapeLeft UIInterfaceOrientationLandscapeRight";
				INFOPLIST_KEY_UISupportedInterfaceOrientations_iPhone = "UIInterfaceOrientationPortrait UIInterfaceOrientationLandscapeLeft UIInterfaceOrientationLandscapeRight";
				LD_RUNPATH_SEARCH_PATHS = (
					"$(inherited)",
					"@executable_path/Frameworks",
				);
				MARKETING_VERSION = 1.0;
				PRODUCT_BUNDLE_IDENTIFIER = "co.chandrala.-4th-Sopt-Assignment";
				PRODUCT_NAME = "$(TARGET_NAME)";
				SWIFT_EMIT_LOC_STRINGS = YES;
				SWIFT_VERSION = 5.0;
				TARGETED_DEVICE_FAMILY = "1,2";
			};
			name = Debug;
		};
		2E979FFE2BD2326300B451F8 /* Release */ = {
			isa = XCBuildConfiguration;
			buildSettings = {
				ASSETCATALOG_COMPILER_APPICON_NAME = AppIcon;
				ASSETCATALOG_COMPILER_GLOBAL_ACCENT_COLOR_NAME = AccentColor;
				CODE_SIGN_STYLE = Automatic;
				CURRENT_PROJECT_VERSION = 1;
				GENERATE_INFOPLIST_FILE = YES;
				INFOPLIST_FILE = "34th-Sopt-Assignment/Resources/Info.plist";
				INFOPLIST_KEY_UIApplicationSupportsIndirectInputEvents = YES;
				INFOPLIST_KEY_UILaunchStoryboardName = LaunchScreen;
				INFOPLIST_KEY_UISupportedInterfaceOrientations_iPad = "UIInterfaceOrientationPortrait UIInterfaceOrientationPortraitUpsideDown UIInterfaceOrientationLandscapeLeft UIInterfaceOrientationLandscapeRight";
				INFOPLIST_KEY_UISupportedInterfaceOrientations_iPhone = "UIInterfaceOrientationPortrait UIInterfaceOrientationLandscapeLeft UIInterfaceOrientationLandscapeRight";
				LD_RUNPATH_SEARCH_PATHS = (
					"$(inherited)",
					"@executable_path/Frameworks",
				);
				MARKETING_VERSION = 1.0;
				PRODUCT_BUNDLE_IDENTIFIER = "co.chandrala.-4th-Sopt-Assignment";
				PRODUCT_NAME = "$(TARGET_NAME)";
				SWIFT_EMIT_LOC_STRINGS = YES;
				SWIFT_VERSION = 5.0;
				TARGETED_DEVICE_FAMILY = "1,2";
			};
			name = Release;
		};
/* End XCBuildConfiguration section */

/* Begin XCConfigurationList section */
		2E979FE32BD2326200B451F8 /* Build configuration list for PBXProject "34th-Sopt-Assignment" */ = {
			isa = XCConfigurationList;
			buildConfigurations = (
				2E979FFA2BD2326300B451F8 /* Debug */,
				2E979FFB2BD2326300B451F8 /* Release */,
			);
			defaultConfigurationIsVisible = 0;
			defaultConfigurationName = Release;
		};
		2E979FFC2BD2326300B451F8 /* Build configuration list for PBXNativeTarget "34th-Sopt-Assignment" */ = {
			isa = XCConfigurationList;
			buildConfigurations = (
				2E979FFD2BD2326300B451F8 /* Debug */,
				2E979FFE2BD2326300B451F8 /* Release */,
			);
			defaultConfigurationIsVisible = 0;
			defaultConfigurationName = Release;
		};
/* End XCConfigurationList section */

/* Begin XCRemoteSwiftPackageReference section */
		2E97A0292BD236AD00B451F8 /* XCRemoteSwiftPackageReference "SnapKit" */ = {
			isa = XCRemoteSwiftPackageReference;
			repositoryURL = "https://github.com/SnapKit/SnapKit.git";
			requirement = {
				kind = upToNextMajorVersion;
				minimumVersion = 5.7.1;
			};
		};
		2EDFD4AC2BDF4B0F001EE18D /* XCRemoteSwiftPackageReference "Then" */ = {
			isa = XCRemoteSwiftPackageReference;
			repositoryURL = "https://github.com/devxoul/Then";
			requirement = {
				kind = upToNextMajorVersion;
				minimumVersion = 3.0.0;
			};
		};
/* End XCRemoteSwiftPackageReference section */

/* Begin XCSwiftPackageProductDependency section */
		2E97A02A2BD236AD00B451F8 /* SnapKit */ = {
			isa = XCSwiftPackageProductDependency;
			package = 2E97A0292BD236AD00B451F8 /* XCRemoteSwiftPackageReference "SnapKit" */;
			productName = SnapKit;
		};
		2E97A02C2BD236AD00B451F8 /* SnapKit-Dynamic */ = {
			isa = XCSwiftPackageProductDependency;
			package = 2E97A0292BD236AD00B451F8 /* XCRemoteSwiftPackageReference "SnapKit" */;
			productName = "SnapKit-Dynamic";
		};
		2EDFD4AD2BDF4B0F001EE18D /* Then */ = {
			isa = XCSwiftPackageProductDependency;
			package = 2EDFD4AC2BDF4B0F001EE18D /* XCRemoteSwiftPackageReference "Then" */;
			productName = Then;
		};
/* End XCSwiftPackageProductDependency section */
	};
	rootObject = 2E979FE02BD2326200B451F8 /* Project object */;
}
